
Microsoft Visual Studio Solution File, Format Version 12.00
# Visual Studio 2012
Project("{FAE04EC0-301F-11D3-BF4B-00C04F79EFBC}") = "XamariniOSBackgroundColor", "XamariniOSBackgroundColor\XamariniOSBackgroundColor.csproj", "{7990E783-0017-42B2-925C-B19DB80E9D47}"
EndProject
Global
	GlobalSection(SolutionConfigurationPlatforms) = preSolution
		Debug|iPhoneSimulator = Debug|iPhoneSimulator
		Release|iPhone = Release|iPhone
		Release|iPhoneSimulator = Release|iPhoneSimulator
		Debug|iPhone = Debug|iPhone
	EndGlobalSection
	GlobalSection(ProjectConfigurationPlatforms) = postSolution
		{7990E783-0017-42B2-925C-B19DB80E9D47}.Debug|iPhoneSimulator.ActiveCfg = Debug|iPhoneSimulator
		{7990E783-0017-42B2-925C-B19DB80E9D47}.Debug|iPhoneSimulator.Build.0 = Debug|iPhoneSimulator
		{7990E783-0017-42B2-925C-B19DB80E9D47}.Release|iPhone.ActiveCfg = Release|iPhone
		{7990E783-0017-42B2-925C-B19DB80E9D47}.Release|iPhone.Build.0 = Release|iPhone
		{7990E783-0017-42B2-925C-B19DB80E9D47}.Release|iPhoneSimulator.ActiveCfg = Release|iPhoneSimulator
		{7990E783-0017-42B2-925C-B19DB80E9D47}.Release|iPhoneSimulator.Build.0 = Release|iPhoneSimulator
		{7990E783-0017-42B2-925C-B19DB80E9D47}.Debug|iPhone.ActiveCfg = Debug|iPhone
		{7990E783-0017-42B2-925C-B19DB80E9D47}.Debug|iPhone.Build.0 = Debug|iPhone
	EndGlobalSection
EndGlobal
